{
  "version": 4,
  "terraform_version": "1.1.3",
  "serial": 78,
  "lineage": "0118dd7b-301b-7a3f-c97f-a6a266c8ac18",
  "outputs": {
    "public_ip": {
      "value": "3.232.140.88",
      "type": "string"
    }
  },
  "resources": [
    {
      "module": "module.application",
      "mode": "managed",
      "type": "docker_container",
      "name": "app",
      "provider": "module.application.provider[\"registry.terraform.io/kreuzwerker/docker\"]",
      "instances": []
    },
    {
      "module": "module.application",
      "mode": "managed",
      "type": "docker_image",
      "name": "app",
      "provider": "module.application.provider[\"registry.terraform.io/kreuzwerker/docker\"]",
      "instances": []
    },
    {
      "module": "module.instance",
      "mode": "data",
      "type": "ct_config",
      "name": "config",
      "provider": "provider[\"registry.terraform.io/poseidon/ct\"]",
      "instances": [
        {
          "schema_version": 0,
          "attributes": {
            "content": "variant: fcos\nversion: 1.2.0\npasswd:\n  users:\n  - name: core\n    ssh_authorized_keys:\n    - ssh-rsa AAAAB3NzaC1yc2EAAAADAQABAAABAQDTaTCKXZAGryhlXQbgvRAOBfPw9Z6U9zD6E8ZpuW5spghRMRqom+/IQk3veKhTBHE8mroQhtLSUpt+ylH3jXom+pHvg1GtlLhTwkP6ge7xCvBXSH6D3K+OfBjZyA7dDivIuLkmD9M+uiqkST8hSKr9wsWxUpkNlKyhA+z/B5NXahJADTgga32OBK6NP0Mr1TPeEWm+Qx2vP/33rJSzCw8c314+EO3nUqMcJhfhyGNJaFLsAPnstswrScPFm0reFwjmDOKlXwvv80A9Try5uXwFHl5C9mZqM5fyE/KqJ22mCgCyQwnlAoYVdf75zaAVlEEJlrjDP3scu3ES1cdCjCV7\n\n    groups:\n      - docker\n",
            "id": "2379786117",
            "platform": null,
            "pretty_print": false,
            "rendered": "{\"ignition\":{\"version\":\"3.2.0\"},\"passwd\":{\"users\":[{\"groups\":[\"docker\"],\"name\":\"core\",\"sshAuthorizedKeys\":[\"ssh-rsa AAAAB3NzaC1yc2EAAAADAQABAAABAQDTaTCKXZAGryhlXQbgvRAOBfPw9Z6U9zD6E8ZpuW5spghRMRqom+/IQk3veKhTBHE8mroQhtLSUpt+ylH3jXom+pHvg1GtlLhTwkP6ge7xCvBXSH6D3K+OfBjZyA7dDivIuLkmD9M+uiqkST8hSKr9wsWxUpkNlKyhA+z/B5NXahJADTgga32OBK6NP0Mr1TPeEWm+Qx2vP/33rJSzCw8c314+EO3nUqMcJhfhyGNJaFLsAPnstswrScPFm0reFwjmDOKlXwvv80A9Try5uXwFHl5C9mZqM5fyE/KqJ22mCgCyQwnlAoYVdf75zaAVlEEJlrjDP3scu3ES1cdCjCV7\"]}]}}",
            "snippets": null,
            "strict": true
          },
          "sensitive_attributes": []
        }
      ]
    },
    {
      "module": "module.instance",
      "mode": "managed",
      "type": "aws_eip",
      "name": "eip",
      "provider": "provider[\"registry.terraform.io/hashicorp/aws\"]",
      "instances": [
        {
          "schema_version": 0,
          "attributes": {
            "address": null,
            "allocation_id": "eipalloc-0ab943113d1cf364e",
            "associate_with_private_ip": null,
            "association_id": "eipassoc-03cebcd7589ea8a67",
            "carrier_ip": "",
            "customer_owned_ip": "",
            "customer_owned_ipv4_pool": "",
            "domain": "vpc",
            "id": "eipalloc-0ab943113d1cf364e",
            "instance": "i-00c36101339839044",
            "network_border_group": "us-east-1",
            "network_interface": "eni-0bad05e1c89c228ca",
            "private_dns": "ip-172-31-27-4.ec2.internal",
            "private_ip": "172.31.27.4",
            "public_dns": "ec2-3-232-140-88.compute-1.amazonaws.com",
            "public_ip": "3.232.140.88",
            "public_ipv4_pool": "amazon",
            "tags": {},
            "tags_all": {},
            "timeouts": null,
            "vpc": true
          },
          "sensitive_attributes": [],
          "private": "eyJlMmJmYjczMC1lY2FhLTExZTYtOGY4OC0zNDM2M2JjN2M0YzAiOnsiZGVsZXRlIjoxODAwMDAwMDAwMDAsInJlYWQiOjkwMDAwMDAwMDAwMCwidXBkYXRlIjozMDAwMDAwMDAwMDB9fQ=="
        }
      ]
    },
    {
      "module": "module.networking",
      "mode": "data",
      "type": "aws_vpc",
      "name": "default",
      "provider": "provider[\"registry.terraform.io/hashicorp/aws\"]",
      "instances": [
        {
          "schema_version": 0,
          "attributes": {
            "arn": "arn:aws:ec2:us-east-1:826216772927:vpc/vpc-03367585d70f5e4fb",
            "cidr_block": "172.31.0.0/16",
            "cidr_block_associations": [
              {
                "association_id": "vpc-cidr-assoc-078f79c5b78e01e18",
                "cidr_block": "172.31.0.0/16",
                "state": "associated"
              }
            ],
            "default": true,
            "dhcp_options_id": "dopt-00e3e4005f4f6d1e4",
            "enable_dns_hostnames": true,
            "enable_dns_support": true,
            "filter": null,
            "id": "vpc-03367585d70f5e4fb",
            "instance_tenancy": "default",
            "ipv6_association_id": "",
            "ipv6_cidr_block": "",
            "main_route_table_id": "rtb-075f03be60db1309d",
            "owner_id": "826216772927",
            "state": null,
            "tags": {}
          },
          "sensitive_attributes": []
        }
      ]
    },
    {
      "module": "module.networking.module.ec2_sg",
      "mode": "managed",
      "type": "aws_security_group",
      "name": "this_name_prefix",
      "provider": "provider[\"registry.terraform.io/hashicorp/aws\"]",
      "instances": [
        {
          "index_key": 0,
          "schema_version": 1,
          "attributes": {
            "arn": "arn:aws:ec2:us-east-1:826216772927:security-group/sg-0addf34bb72951b03",
            "description": "Security group for ec2_sg",
            "egress": [
              {
                "cidr_blocks": [
                  "0.0.0.0/0"
                ],
                "description": "All protocols",
                "from_port": 0,
                "ipv6_cidr_blocks": [
                  "::/0"
                ],
                "prefix_list_ids": [],
                "protocol": "-1",
                "security_groups": [],
                "self": false,
                "to_port": 0
              }
            ],
            "id": "sg-0addf34bb72951b03",
            "ingress": [
              {
                "cidr_blocks": [
                  "0.0.0.0/0"
                ],
                "description": "All IPV4 ICMP",
                "from_port": -1,
                "ipv6_cidr_blocks": [],
                "prefix_list_ids": [],
                "protocol": "icmp",
                "security_groups": [],
                "self": false,
                "to_port": -1
              },
              {
                "cidr_blocks": [
                  "0.0.0.0/0"
                ],
                "description": "HTTP",
                "from_port": 80,
                "ipv6_cidr_blocks": [],
                "prefix_list_ids": [],
                "protocol": "tcp",
                "security_groups": [],
                "self": false,
                "to_port": 80
              },
              {
                "cidr_blocks": [
                  "0.0.0.0/0"
                ],
                "description": "HTTPS",
                "from_port": 443,
                "ipv6_cidr_blocks": [],
                "prefix_list_ids": [],
                "protocol": "tcp",
                "security_groups": [],
                "self": false,
                "to_port": 443
              },
              {
                "cidr_blocks": [
                  "0.0.0.0/0"
                ],
                "description": "SSH",
                "from_port": 22,
                "ipv6_cidr_blocks": [],
                "prefix_list_ids": [],
                "protocol": "tcp",
                "security_groups": [],
                "self": false,
                "to_port": 22
              }
            ],
            "name": "ec2_sg-20220522151817465200000001",
            "name_prefix": "ec2_sg-",
            "owner_id": "826216772927",
            "revoke_rules_on_delete": false,
            "tags": {
              "Name": "ec2_sg"
            },
            "tags_all": {
              "Name": "ec2_sg"
            },
            "timeouts": {
              "create": "10m",
              "delete": "15m"
            },
            "vpc_id": "vpc-03367585d70f5e4fb"
          },
          "sensitive_attributes": [],
          "private": "eyJlMmJmYjczMC1lY2FhLTExZTYtOGY4OC0zNDM2M2JjN2M0YzAiOnsiY3JlYXRlIjo2MDAwMDAwMDAwMDAsImRlbGV0ZSI6OTAwMDAwMDAwMDAwfSwic2NoZW1hX3ZlcnNpb24iOiIxIn0=",
          "dependencies": [
            "module.networking.data.aws_vpc.default"
          ],
          "create_before_destroy": true
        }
      ]
    },
    {
      "module": "module.networking.module.ec2_sg",
      "mode": "managed",
      "type": "aws_security_group_rule",
      "name": "egress_rules",
      "provider": "provider[\"registry.terraform.io/hashicorp/aws\"]",
      "instances": [
        {
          "index_key": 0,
          "schema_version": 2,
          "attributes": {
            "cidr_blocks": [
              "0.0.0.0/0"
            ],
            "description": "All protocols",
            "from_port": 0,
            "id": "sgrule-2390203352",
            "ipv6_cidr_blocks": [
              "::/0"
            ],
            "prefix_list_ids": [],
            "protocol": "-1",
            "security_group_id": "sg-0addf34bb72951b03",
            "self": false,
            "source_security_group_id": null,
            "to_port": 0,
            "type": "egress"
          },
          "sensitive_attributes": [],
          "private": "eyJzY2hlbWFfdmVyc2lvbiI6IjIifQ==",
          "dependencies": [
            "module.networking.data.aws_vpc.default",
            "module.networking.module.ec2_sg.aws_security_group.this",
            "module.networking.module.ec2_sg.aws_security_group.this_name_prefix"
          ]
        }
      ]
    },
    {
      "module": "module.networking.module.ec2_sg",
      "mode": "managed",
      "type": "aws_security_group_rule",
      "name": "ingress_rules",
      "provider": "provider[\"registry.terraform.io/hashicorp/aws\"]",
      "instances": [
        {
          "index_key": 0,
          "schema_version": 2,
          "attributes": {
            "cidr_blocks": [
              "0.0.0.0/0"
            ],
            "description": "HTTP",
            "from_port": 80,
            "id": "sgrule-2742246439",
            "ipv6_cidr_blocks": [],
            "prefix_list_ids": [],
            "protocol": "tcp",
            "security_group_id": "sg-0addf34bb72951b03",
            "self": false,
            "source_security_group_id": null,
            "to_port": 80,
            "type": "ingress"
          },
          "sensitive_attributes": [],
          "private": "eyJzY2hlbWFfdmVyc2lvbiI6IjIifQ==",
          "dependencies": [
            "module.networking.data.aws_vpc.default",
            "module.networking.module.ec2_sg.aws_security_group.this",
            "module.networking.module.ec2_sg.aws_security_group.this_name_prefix"
          ]
        },
        {
          "index_key": 1,
          "schema_version": 2,
          "attributes": {
            "cidr_blocks": [
              "0.0.0.0/0"
            ],
            "description": "HTTPS",
            "from_port": 443,
            "id": "sgrule-507211323",
            "ipv6_cidr_blocks": [],
            "prefix_list_ids": [],
            "protocol": "tcp",
            "security_group_id": "sg-0addf34bb72951b03",
            "self": false,
            "source_security_group_id": null,
            "to_port": 443,
            "type": "ingress"
          },
          "sensitive_attributes": [],
          "private": "eyJzY2hlbWFfdmVyc2lvbiI6IjIifQ==",
          "dependencies": [
            "module.networking.data.aws_vpc.default",
            "module.networking.module.ec2_sg.aws_security_group.this",
            "module.networking.module.ec2_sg.aws_security_group.this_name_prefix"
          ]
        },
        {
          "index_key": 2,
          "schema_version": 2,
          "attributes": {
            "cidr_blocks": [
              "0.0.0.0/0"
            ],
            "description": "All IPV4 ICMP",
            "from_port": -1,
            "id": "sgrule-2159397871",
            "ipv6_cidr_blocks": [],
            "prefix_list_ids": [],
            "protocol": "icmp",
            "security_group_id": "sg-0addf34bb72951b03",
            "self": false,
            "source_security_group_id": null,
            "to_port": -1,
            "type": "ingress"
          },
          "sensitive_attributes": [],
          "private": "eyJzY2hlbWFfdmVyc2lvbiI6IjIifQ==",
          "dependencies": [
            "module.networking.data.aws_vpc.default",
            "module.networking.module.ec2_sg.aws_security_group.this",
            "module.networking.module.ec2_sg.aws_security_group.this_name_prefix"
          ]
        },
        {
          "index_key": 3,
          "schema_version": 2,
          "attributes": {
            "cidr_blocks": [
              "0.0.0.0/0"
            ],
            "description": "SSH",
            "from_port": 22,
            "id": "sgrule-368640402",
            "ipv6_cidr_blocks": [],
            "prefix_list_ids": [],
            "protocol": "tcp",
            "security_group_id": "sg-0addf34bb72951b03",
            "self": false,
            "source_security_group_id": null,
            "to_port": 22,
            "type": "ingress"
          },
          "sensitive_attributes": [],
          "private": "eyJzY2hlbWFfdmVyc2lvbiI6IjIifQ==",
          "dependencies": [
            "module.networking.data.aws_vpc.default",
            "module.networking.module.ec2_sg.aws_security_group.this",
            "module.networking.module.ec2_sg.aws_security_group.this_name_prefix"
          ]
        }
      ]
    },
    {
      "module": "module.ssh",
      "mode": "managed",
      "type": "local_file",
      "name": "private_key",
      "provider": "provider[\"registry.terraform.io/hashicorp/local\"]",
      "instances": [
        {
          "schema_version": 0,
          "attributes": {
            "content": "-----BEGIN RSA PRIVATE KEY-----\nMIIEpAIBAAKCAQEA02kwil2QBq8oZV0G4L0QDgXz8PWelPcw+hPGablubKYIUTEa\nqJvvyEJN73ioUwRxPJq6EIbS0lKbfspR9416JvqR74NRrZS4U8JD+oHu8QrwV0h+\ng9yvjnwY2cgO3Q4ryLi5Jg/TProqpEk/IUiq/cLFsVKZDZSsoQPs/weTV2oSQA04\nIGt9jgSujT9DK9Uz3hFpvkMdrz/996yUswsPHN9ePhDt51KjHCYX4chjSWhS7AD5\n7LbMK0nDxZtK3hcI5gzipV8L7/NAPU68ubl8BR5eQvZmajOX8hPyqidtpgoAskMJ\n5QKGFXX++c2gFZRBCZa4wz97HLtxEtXHQowlewIDAQABAoIBAE4eq5IleqgNp3a1\nRmpbUohsCLU8fcn8AbwW/JVqsPQy8hXWeExfut4cKiJYSpLKrHFBl4mt2E9huRXD\n+z/npoCqzKxdsRvcPbStr2LtCndFnIQURLPDI5gaITCwbVWf++vi3n/DD0M5lbI5\nYruQ16aHh3e71tSe4J9rDPM8QGTnH80rOD6MaSpvDgELbVNtZWFz0olTDOWkR0GJ\nxa4caXDxhbeRDuzj65YQdx1fpRqbBI/SWBMfj/fV2TdRiYVG16k+9C06Q/xLiQSL\ni+ANvsvxLrljpPbm8Clp6DF7lEMNkNagnk2cdl17DdYhZMJYS6r5xyKmakwmORaQ\nTuFRqBECgYEA2DrM0gQzs74zm5IuK4+GzLCCPqelTTAbztr6JkfXi6ZM3TmqNyLv\nnElW53ELceLc05/XS/n8nqX6kPMPD4p0gkLWne/KuPe3Q1zOxW30jkMl5L5zRfCp\nG/udwDd8BRrGyow9NBhfasYf41hxRXNobIFz2E91fz+qml9BrwPZfMkCgYEA+kt/\nBzdOAE6wRHaC6D45/gdqp+kBsA6nDh8mMWdXgJLRkGhiizGTw9BC2yz63QRRLL/l\nZDBReGGHNtO+sybk6brfyCipgZ0rY0yi2JzCI7n1O54sx0qTHAwsirkTTcALuZvH\npWx0C2E/+rMN6DxnHNs1rnpusUdPbXU/RzdYZiMCgYEAkLJIfgHx10Zgoqqf2uag\n/jjf762gIJchBLvkydkplHok1aXREjR+w8cQMLClSADYZYWBPYZ8Vm4bzwPYAD5W\n2RSBKg9dSYn7SUjB1bxO+yRUJ06LNTJm+CLY3dhDVeclQEW4bzQgJgOPM0PsCN3B\n81pte0MxDYY9VDCKc+PPloECgYEAx5KrFvXiHByiL/TPLJ9xXjxLrtb7oYYNbhUo\nPvxHqR1oO9z/tj0xtVC5/kk/PjvS/fuEzP459+LMDcuIoxDANh3rkY3amp7XmbXh\noxZbNmFwSLk2uzGbWyHZ4kLwQW5/6t9rsVtorCo++YcL78E59qhThWvaF0Dk9EIo\n0oAu3EECgYAMUzLQpMnlYcol+pmvyGfYdOwThLITGyAdxKJnwhZFqN4RN3kccH4Z\nBfSCQeJ2+rTCWgFPX+93tLrcizrd/+Zv5Bz4OiE8cydNylC4ttuI9zjbtwv7eMg4\n1tU749aklnJRrUTqRy36fKFiaH2nVfhhCwKZdnHeO8UR8HRbkUkblA==\n-----END RSA PRIVATE KEY-----\n",
            "content_base64": null,
            "directory_permission": "0777",
            "file_permission": "0600",
            "filename": "ssh_keys/staging.pem",
            "id": "05a54c20f46511b1880294a4a12477b044ad38ee",
            "sensitive_content": null,
            "source": null
          },
          "sensitive_attributes": [
            [
              {
                "type": "get_attr",
                "value": "content"
              }
            ]
          ],
          "private": "bnVsbA==",
          "dependencies": [
            "module.ssh.tls_private_key.test"
          ]
        }
      ]
    },
    {
      "module": "module.ssh",
      "mode": "managed",
      "type": "tls_private_key",
      "name": "test",
      "provider": "provider[\"registry.terraform.io/hashicorp/tls\"]",
      "instances": [
        {
          "schema_version": 0,
          "attributes": {
            "algorithm": "RSA",
            "ecdsa_curve": "P224",
            "id": "b2e0bb3a57b8a4abcecd659c454d964c06014e1e",
            "private_key_openssh": "-----BEGIN OPENSSH PRIVATE KEY-----\nb3BlbnNzaC1rZXktdjEAAAAABG5vbmUAAAAEbm9uZQAAAAAAAAABAAABFwAAAAdz\nc2gtcnNhAAAAAwEAAQAAAQEA02kwil2QBq8oZV0G4L0QDgXz8PWelPcw+hPGablu\nbKYIUTEaqJvvyEJN73ioUwRxPJq6EIbS0lKbfspR9416JvqR74NRrZS4U8JD+oHu\n8QrwV0h+g9yvjnwY2cgO3Q4ryLi5Jg/TProqpEk/IUiq/cLFsVKZDZSsoQPs/weT\nV2oSQA04IGt9jgSujT9DK9Uz3hFpvkMdrz/996yUswsPHN9ePhDt51KjHCYX4chj\nSWhS7AD57LbMK0nDxZtK3hcI5gzipV8L7/NAPU68ubl8BR5eQvZmajOX8hPyqidt\npgoAskMJ5QKGFXX++c2gFZRBCZa4wz97HLtxEtXHQowlewAAA7gAf1/yAH9f8gAA\nAAdzc2gtcnNhAAABAQDTaTCKXZAGryhlXQbgvRAOBfPw9Z6U9zD6E8ZpuW5spghR\nMRqom+/IQk3veKhTBHE8mroQhtLSUpt+ylH3jXom+pHvg1GtlLhTwkP6ge7xCvBX\nSH6D3K+OfBjZyA7dDivIuLkmD9M+uiqkST8hSKr9wsWxUpkNlKyhA+z/B5NXahJA\nDTgga32OBK6NP0Mr1TPeEWm+Qx2vP/33rJSzCw8c314+EO3nUqMcJhfhyGNJaFLs\nAPnstswrScPFm0reFwjmDOKlXwvv80A9Try5uXwFHl5C9mZqM5fyE/KqJ22mCgCy\nQwnlAoYVdf75zaAVlEEJlrjDP3scu3ES1cdCjCV7AAAAAwEAAQAAAQBOHquSJXqo\nDad2tUZqW1KIbAi1PH3J/AG8FvyVarD0MvIV1nhMX7reHCoiWEqSyqxxQZeJrdhP\nYbkVw/s/56aAqsysXbEb3D20ra9i7Qp3RZyEFESzwyOYGiEwsG1Vn/vr4t5/ww9D\nOZWyOWK7kNemh4d3u9bUnuCfawzzPEBk5x/NKzg+jGkqbw4BC21TbWVhc9KJUwzl\npEdBicWuHGlw8YW3kQ7s4+uWEHcdX6UamwSP0lgTH4/31dk3UYmFRtepPvQtOkP8\nS4kEi4vgDb7L8S65Y6T25vApaegxe5RDDZDWoJ5NnHZdew3WIWTCWEuq+ccipmpM\nJjkWkE7hUagRAAAAgAxTMtCkyeVhyiX6ma/IZ9h07BOEshMbIB3EomfCFkWo3hE3\neRxwfhkF9IJB4nb6tMJaAU9f73e0utyLOt3/5m/kHPg6ITxzJ03KULi224j3ONu3\nC/t4yDjW1Tvj1qSWclGtROpHLfp8oWJofadV+GELApl2cd47xRHwdFuRSRuUAAAA\ngQDYOszSBDOzvjObki4rj4bMsII+p6VNMBvO2vomR9eLpkzdOao3Iu+cSVbncQtx\n4tzTn9dL+fyepfqQ8w8PinSCQtad78q497dDXM7FbfSOQyXkvnNF8Kkb+53AN3wF\nGsbKjD00GF9qxh/jWHFFc2hsgXPYT3V/P6qaX0GvA9l8yQAAAIEA+kt/BzdOAE6w\nRHaC6D45/gdqp+kBsA6nDh8mMWdXgJLRkGhiizGTw9BC2yz63QRRLL/lZDBReGGH\nNtO+sybk6brfyCipgZ0rY0yi2JzCI7n1O54sx0qTHAwsirkTTcALuZvHpWx0C2E/\n+rMN6DxnHNs1rnpusUdPbXU/RzdYZiMAAAAAAQID\n-----END OPENSSH PRIVATE KEY-----\n",
            "private_key_pem": "-----BEGIN RSA PRIVATE KEY-----\nMIIEpAIBAAKCAQEA02kwil2QBq8oZV0G4L0QDgXz8PWelPcw+hPGablubKYIUTEa\nqJvvyEJN73ioUwRxPJq6EIbS0lKbfspR9416JvqR74NRrZS4U8JD+oHu8QrwV0h+\ng9yvjnwY2cgO3Q4ryLi5Jg/TProqpEk/IUiq/cLFsVKZDZSsoQPs/weTV2oSQA04\nIGt9jgSujT9DK9Uz3hFpvkMdrz/996yUswsPHN9ePhDt51KjHCYX4chjSWhS7AD5\n7LbMK0nDxZtK3hcI5gzipV8L7/NAPU68ubl8BR5eQvZmajOX8hPyqidtpgoAskMJ\n5QKGFXX++c2gFZRBCZa4wz97HLtxEtXHQowlewIDAQABAoIBAE4eq5IleqgNp3a1\nRmpbUohsCLU8fcn8AbwW/JVqsPQy8hXWeExfut4cKiJYSpLKrHFBl4mt2E9huRXD\n+z/npoCqzKxdsRvcPbStr2LtCndFnIQURLPDI5gaITCwbVWf++vi3n/DD0M5lbI5\nYruQ16aHh3e71tSe4J9rDPM8QGTnH80rOD6MaSpvDgELbVNtZWFz0olTDOWkR0GJ\nxa4caXDxhbeRDuzj65YQdx1fpRqbBI/SWBMfj/fV2TdRiYVG16k+9C06Q/xLiQSL\ni+ANvsvxLrljpPbm8Clp6DF7lEMNkNagnk2cdl17DdYhZMJYS6r5xyKmakwmORaQ\nTuFRqBECgYEA2DrM0gQzs74zm5IuK4+GzLCCPqelTTAbztr6JkfXi6ZM3TmqNyLv\nnElW53ELceLc05/XS/n8nqX6kPMPD4p0gkLWne/KuPe3Q1zOxW30jkMl5L5zRfCp\nG/udwDd8BRrGyow9NBhfasYf41hxRXNobIFz2E91fz+qml9BrwPZfMkCgYEA+kt/\nBzdOAE6wRHaC6D45/gdqp+kBsA6nDh8mMWdXgJLRkGhiizGTw9BC2yz63QRRLL/l\nZDBReGGHNtO+sybk6brfyCipgZ0rY0yi2JzCI7n1O54sx0qTHAwsirkTTcALuZvH\npWx0C2E/+rMN6DxnHNs1rnpusUdPbXU/RzdYZiMCgYEAkLJIfgHx10Zgoqqf2uag\n/jjf762gIJchBLvkydkplHok1aXREjR+w8cQMLClSADYZYWBPYZ8Vm4bzwPYAD5W\n2RSBKg9dSYn7SUjB1bxO+yRUJ06LNTJm+CLY3dhDVeclQEW4bzQgJgOPM0PsCN3B\n81pte0MxDYY9VDCKc+PPloECgYEAx5KrFvXiHByiL/TPLJ9xXjxLrtb7oYYNbhUo\nPvxHqR1oO9z/tj0xtVC5/kk/PjvS/fuEzP459+LMDcuIoxDANh3rkY3amp7XmbXh\noxZbNmFwSLk2uzGbWyHZ4kLwQW5/6t9rsVtorCo++YcL78E59qhThWvaF0Dk9EIo\n0oAu3EECgYAMUzLQpMnlYcol+pmvyGfYdOwThLITGyAdxKJnwhZFqN4RN3kccH4Z\nBfSCQeJ2+rTCWgFPX+93tLrcizrd/+Zv5Bz4OiE8cydNylC4ttuI9zjbtwv7eMg4\n1tU749aklnJRrUTqRy36fKFiaH2nVfhhCwKZdnHeO8UR8HRbkUkblA==\n-----END RSA PRIVATE KEY-----\n",
            "public_key_fingerprint_md5": "a3:b6:cb:58:89:a7:3b:75:45:5b:a2:32:7a:e7:83:32",
            "public_key_fingerprint_sha256": "SHA256:z6wN3H3qyf2+zio8iu/3xS8GyCo0KhfN3nBVrMnRJSA",
            "public_key_openssh": "ssh-rsa AAAAB3NzaC1yc2EAAAADAQABAAABAQDTaTCKXZAGryhlXQbgvRAOBfPw9Z6U9zD6E8ZpuW5spghRMRqom+/IQk3veKhTBHE8mroQhtLSUpt+ylH3jXom+pHvg1GtlLhTwkP6ge7xCvBXSH6D3K+OfBjZyA7dDivIuLkmD9M+uiqkST8hSKr9wsWxUpkNlKyhA+z/B5NXahJADTgga32OBK6NP0Mr1TPeEWm+Qx2vP/33rJSzCw8c314+EO3nUqMcJhfhyGNJaFLsAPnstswrScPFm0reFwjmDOKlXwvv80A9Try5uXwFHl5C9mZqM5fyE/KqJ22mCgCyQwnlAoYVdf75zaAVlEEJlrjDP3scu3ES1cdCjCV7\n",
            "public_key_pem": "-----BEGIN PUBLIC KEY-----\nMIIBIjANBgkqhkiG9w0BAQEFAAOCAQ8AMIIBCgKCAQEA02kwil2QBq8oZV0G4L0Q\nDgXz8PWelPcw+hPGablubKYIUTEaqJvvyEJN73ioUwRxPJq6EIbS0lKbfspR9416\nJvqR74NRrZS4U8JD+oHu8QrwV0h+g9yvjnwY2cgO3Q4ryLi5Jg/TProqpEk/IUiq\n/cLFsVKZDZSsoQPs/weTV2oSQA04IGt9jgSujT9DK9Uz3hFpvkMdrz/996yUswsP\nHN9ePhDt51KjHCYX4chjSWhS7AD57LbMK0nDxZtK3hcI5gzipV8L7/NAPU68ubl8\nBR5eQvZmajOX8hPyqidtpgoAskMJ5QKGFXX++c2gFZRBCZa4wz97HLtxEtXHQowl\newIDAQAB\n-----END PUBLIC KEY-----\n",
            "rsa_bits": 2048
          },
          "sensitive_attributes": [],
          "private": "bnVsbA=="
        }
      ]
    }
  ]
}
